
Microsoft Visual Studio Solution File, Format Version 12.00
# Visual Studio 15
VisualStudioVersion = 15.0.27004.2006
MinimumVisualStudioVersion = 10.0.40219.1
Project("{FAE04EC0-301F-11D3-BF4B-00C04F79EFBC}") = "BMI02.Android", "BMI02\BMI02.Android\BMI02.Android.csproj", "{E78C6AB7-9CE1-4559-A802-4A4B42124B03}"
EndProject
Project("{FAE04EC0-301F-11D3-BF4B-00C04F79EFBC}") = "BMI02", "BMI02\BMI02\BMI02.csproj", "{EE3CD722-45AB-4F29-8404-B3FDEE126F70}"
EndProject
Project("{FAE04EC0-301F-11D3-BF4B-00C04F79EFBC}") = "BMI02.iOS", "BMI02\BMI02.iOS\BMI02.iOS.csproj", "{E98D71D8-DB92-4709-8F01-A3774ACAD36C}"
EndProject
Global
	GlobalSection(SolutionConfigurationPlatforms) = preSolution
		Ad-Hoc|Any CPU = Ad-Hoc|Any CPU
		Ad-Hoc|iPhone = Ad-Hoc|iPhone
		Ad-Hoc|iPhoneSimulator = Ad-Hoc|iPhoneSimulator
		AppStore|Any CPU = AppStore|Any CPU
		AppStore|iPhone = AppStore|iPhone
		AppStore|iPhoneSimulator = AppStore|iPhoneSimulator
		Debug|Any CPU = Debug|Any CPU
		Debug|iPhone = Debug|iPhone
		Debug|iPhoneSimulator = Debug|iPhoneSimulator
		Release|Any CPU = Release|Any CPU
		Release|iPhone = Release|iPhone
		Release|iPhoneSimulator = Release|iPhoneSimulator
	EndGlobalSection
	GlobalSection(ProjectConfigurationPlatforms) = postSolution
		{E78C6AB7-9CE1-4559-A802-4A4B42124B03}.Ad-Hoc|Any CPU.ActiveCfg = Release|Any CPU
		{E78C6AB7-9CE1-4559-A802-4A4B42124B03}.Ad-Hoc|Any CPU.Build.0 = Release|Any CPU
		{E78C6AB7-9CE1-4559-A802-4A4B42124B03}.Ad-Hoc|Any CPU.Deploy.0 = Release|Any CPU
		{E78C6AB7-9CE1-4559-A802-4A4B42124B03}.Ad-Hoc|iPhone.ActiveCfg = Release|Any CPU
		{E78C6AB7-9CE1-4559-A802-4A4B42124B03}.Ad-Hoc|iPhone.Build.0 = Release|Any CPU
		{E78C6AB7-9CE1-4559-A802-4A4B42124B03}.Ad-Hoc|iPhone.Deploy.0 = Release|Any CPU
		{E78C6AB7-9CE1-4559-A802-4A4B42124B03}.Ad-Hoc|iPhoneSimulator.ActiveCfg = Release|Any CPU
		{E78C6AB7-9CE1-4559-A802-4A4B42124B03}.Ad-Hoc|iPhoneSimulator.Build.0 = Release|Any CPU
		{E78C6AB7-9CE1-4559-A802-4A4B42124B03}.Ad-Hoc|iPhoneSimulator.Deploy.0 = Release|Any CPU
		{E78C6AB7-9CE1-4559-A802-4A4B42124B03}.AppStore|Any CPU.ActiveCfg = Release|Any CPU
		{E78C6AB7-9CE1-4559-A802-4A4B42124B03}.AppStore|Any CPU.Build.0 = Release|Any CPU
		{E78C6AB7-9CE1-4559-A802-4A4B42124B03}.AppStore|Any CPU.Deploy.0 = Release|Any CPU
		{E78C6AB7-9CE1-4559-A802-4A4B42124B03}.AppStore|iPhone.ActiveCfg = Release|Any CPU
		{E78C6AB7-9CE1-4559-A802-4A4B42124B03}.AppStore|iPhone.Build.0 = Release|Any CPU
		{E78C6AB7-9CE1-4559-A802-4A4B42124B03}.AppStore|iPhone.Deploy.0 = Release|Any CPU
		{E78C6AB7-9CE1-4559-A802-4A4B42124B03}.AppStore|iPhoneSimulator.ActiveCfg = Release|Any CPU
		{E78C6AB7-9CE1-4559-A802-4A4B42124B03}.AppStore|iPhoneSimulator.Build.0 = Release|Any CPU
		{E78C6AB7-9CE1-4559-A802-4A4B42124B03}.AppStore|iPhoneSimulator.Deploy.0 = Release|Any CPU
		{E78C6AB7-9CE1-4559-A802-4A4B42124B03}.Debug|Any CPU.ActiveCfg = Debug|Any CPU
		{E78C6AB7-9CE1-4559-A802-4A4B42124B03}.Debug|Any CPU.Build.0 = Debug|Any CPU
		{E78C6AB7-9CE1-4559-A802-4A4B42124B03}.Debug|Any CPU.Deploy.0 = Debug|Any CPU
		{E78C6AB7-9CE1-4559-A802-4A4B42124B03}.Debug|iPhone.ActiveCfg = Debug|Any CPU
		{E78C6AB7-9CE1-4559-A802-4A4B42124B03}.Debug|iPhone.Build.0 = Debug|Any CPU
		{E78C6AB7-9CE1-4559-A802-4A4B42124B03}.Debug|iPhone.Deploy.0 = Debug|Any CPU
		{E78C6AB7-9CE1-4559-A802-4A4B42124B03}.Debug|iPhoneSimulator.ActiveCfg = Debug|Any CPU
		{E78C6AB7-9CE1-4559-A802-4A4B42124B03}.Debug|iPhoneSimulator.Build.0 = Debug|Any CPU
		{E78C6AB7-9CE1-4559-A802-4A4B42124B03}.Debug|iPhoneSimulator.Deploy.0 = Debug|Any CPU
		{E78C6AB7-9CE1-4559-A802-4A4B42124B03}.Release|Any CPU.ActiveCfg = Release|Any CPU
		{E78C6AB7-9CE1-4559-A802-4A4B42124B03}.Release|Any CPU.Build.0 = Release|Any CPU
		{E78C6AB7-9CE1-4559-A802-4A4B42124B03}.Release|Any CPU.Deploy.0 = Release|Any CPU
		{E78C6AB7-9CE1-4559-A802-4A4B42124B03}.Release|iPhone.ActiveCfg = Release|Any CPU
		{E78C6AB7-9CE1-4559-A802-4A4B42124B03}.Release|iPhone.Build.0 = Release|Any CPU
		{E78C6AB7-9CE1-4559-A802-4A4B42124B03}.Release|iPhone.Deploy.0 = Release|Any CPU
		{E78C6AB7-9CE1-4559-A802-4A4B42124B03}.Release|iPhoneSimulator.ActiveCfg = Release|Any CPU
		{E78C6AB7-9CE1-4559-A802-4A4B42124B03}.Release|iPhoneSimulator.Build.0 = Release|Any CPU
		{E78C6AB7-9CE1-4559-A802-4A4B42124B03}.Release|iPhoneSimulator.Deploy.0 = Release|Any CPU
		{EE3CD722-45AB-4F29-8404-B3FDEE126F70}.Ad-Hoc|Any CPU.ActiveCfg = Release|Any CPU
		{EE3CD722-45AB-4F29-8404-B3FDEE126F70}.Ad-Hoc|Any CPU.Build.0 = Release|Any CPU
		{EE3CD722-45AB-4F29-8404-B3FDEE126F70}.Ad-Hoc|iPhone.ActiveCfg = Release|Any CPU
		{EE3CD722-45AB-4F29-8404-B3FDEE126F70}.Ad-Hoc|iPhone.Build.0 = Release|Any CPU
		{EE3CD722-45AB-4F29-8404-B3FDEE126F70}.Ad-Hoc|iPhoneSimulator.ActiveCfg = Release|Any CPU
		{EE3CD722-45AB-4F29-8404-B3FDEE126F70}.Ad-Hoc|iPhoneSimulator.Build.0 = Release|Any CPU
		{EE3CD722-45AB-4F29-8404-B3FDEE126F70}.AppStore|Any CPU.ActiveCfg = Release|Any CPU
		{EE3CD722-45AB-4F29-8404-B3FDEE126F70}.AppStore|Any CPU.Build.0 = Release|Any CPU
		{EE3CD722-45AB-4F29-8404-B3FDEE126F70}.AppStore|iPhone.ActiveCfg = Release|Any CPU
		{EE3CD722-45AB-4F29-8404-B3FDEE126F70}.AppStore|iPhone.Build.0 = Release|Any CPU
		{EE3CD722-45AB-4F29-8404-B3FDEE126F70}.AppStore|iPhoneSimulator.ActiveCfg = Release|Any CPU
		{EE3CD722-45AB-4F29-8404-B3FDEE126F70}.AppStore|iPhoneSimulator.Build.0 = Release|Any CPU
		{EE3CD722-45AB-4F29-8404-B3FDEE126F70}.Debug|Any CPU.ActiveCfg = Debug|Any CPU
		{EE3CD722-45AB-4F29-8404-B3FDEE126F70}.Debug|Any CPU.Build.0 = Debug|Any CPU
		{EE3CD722-45AB-4F29-8404-B3FDEE126F70}.Debug|iPhone.ActiveCfg = Debug|Any CPU
		{EE3CD722-45AB-4F29-8404-B3FDEE126F70}.Debug|iPhone.Build.0 = Debug|Any CPU
		{EE3CD722-45AB-4F29-8404-B3FDEE126F70}.Debug|iPhoneSimulator.ActiveCfg = Debug|Any CPU
		{EE3CD722-45AB-4F29-8404-B3FDEE126F70}.Debug|iPhoneSimulator.Build.0 = Debug|Any CPU
		{EE3CD722-45AB-4F29-8404-B3FDEE126F70}.Release|Any CPU.ActiveCfg = Release|Any CPU
		{EE3CD722-45AB-4F29-8404-B3FDEE126F70}.Release|Any CPU.Build.0 = Release|Any CPU
		{EE3CD722-45AB-4F29-8404-B3FDEE126F70}.Release|iPhone.ActiveCfg = Release|Any CPU
		{EE3CD722-45AB-4F29-8404-B3FDEE126F70}.Release|iPhone.Build.0 = Release|Any CPU
		{EE3CD722-45AB-4F29-8404-B3FDEE126F70}.Release|iPhoneSimulator.ActiveCfg = Release|Any CPU
		{EE3CD722-45AB-4F29-8404-B3FDEE126F70}.Release|iPhoneSimulator.Build.0 = Release|Any CPU
		{E98D71D8-DB92-4709-8F01-A3774ACAD36C}.Ad-Hoc|Any CPU.ActiveCfg = Ad-Hoc|iPhoneSimulator
		{E98D71D8-DB92-4709-8F01-A3774ACAD36C}.Ad-Hoc|iPhone.ActiveCfg = Ad-Hoc|iPhone
		{E98D71D8-DB92-4709-8F01-A3774ACAD36C}.Ad-Hoc|iPhone.Build.0 = Ad-Hoc|iPhone
		{E98D71D8-DB92-4709-8F01-A3774ACAD36C}.Ad-Hoc|iPhoneSimulator.ActiveCfg = Ad-Hoc|iPhoneSimulator
		{E98D71D8-DB92-4709-8F01-A3774ACAD36C}.Ad-Hoc|iPhoneSimulator.Build.0 = Ad-Hoc|iPhoneSimulator
		{E98D71D8-DB92-4709-8F01-A3774ACAD36C}.AppStore|Any CPU.ActiveCfg = AppStore|iPhoneSimulator
		{E98D71D8-DB92-4709-8F01-A3774ACAD36C}.AppStore|iPhone.ActiveCfg = AppStore|iPhone
		{E98D71D8-DB92-4709-8F01-A3774ACAD36C}.AppStore|iPhone.Build.0 = AppStore|iPhone
		{E98D71D8-DB92-4709-8F01-A3774ACAD36C}.AppStore|iPhoneSimulator.ActiveCfg = AppStore|iPhoneSimulator
		{E98D71D8-DB92-4709-8F01-A3774ACAD36C}.AppStore|iPhoneSimulator.Build.0 = AppStore|iPhoneSimulator
		{E98D71D8-DB92-4709-8F01-A3774ACAD36C}.Debug|Any CPU.ActiveCfg = Debug|iPhoneSimulator
		{E98D71D8-DB92-4709-8F01-A3774ACAD36C}.Debug|iPhone.ActiveCfg = Debug|iPhone
		{E98D71D8-DB92-4709-8F01-A3774ACAD36C}.Debug|iPhone.Build.0 = Debug|iPhone
		{E98D71D8-DB92-4709-8F01-A3774ACAD36C}.Debug|iPhoneSimulator.ActiveCfg = Debug|iPhoneSimulator
		{E98D71D8-DB92-4709-8F01-A3774ACAD36C}.Debug|iPhoneSimulator.Build.0 = Debug|iPhoneSimulator
		{E98D71D8-DB92-4709-8F01-A3774ACAD36C}.Release|Any CPU.ActiveCfg = Release|iPhoneSimulator
		{E98D71D8-DB92-4709-8F01-A3774ACAD36C}.Release|iPhone.ActiveCfg = Release|iPhone
		{E98D71D8-DB92-4709-8F01-A3774ACAD36C}.Release|iPhone.Build.0 = Release|iPhone
		{E98D71D8-DB92-4709-8F01-A3774ACAD36C}.Release|iPhoneSimulator.ActiveCfg = Release|iPhoneSimulator
		{E98D71D8-DB92-4709-8F01-A3774ACAD36C}.Release|iPhoneSimulator.Build.0 = Release|iPhoneSimulator
	EndGlobalSection
	GlobalSection(SolutionProperties) = preSolution
		HideSolutionNode = FALSE
	EndGlobalSection
	GlobalSection(ExtensibilityGlobals) = postSolution
		SolutionGuid = {D1FFA5C9-DF57-497F-8406-A1C7A53AFA1B}
	EndGlobalSection
EndGlobal
